
Microsoft Visual Studio Solution File, Format Version 12.00
# Visual Studio Version 16
VisualStudioVersion = 16.0.30104.148
MinimumVisualStudioVersion = 10.0.40219.1
Project("{9A19103F-16F7-4668-BE54-9A1E7A4F7556}") = "DbConsole", "DbConsole\DbConsole.csproj", "{F276F6F8-FF73-43E1-B8B6-22C1B9571B78}"
EndProject
Project("{9A19103F-16F7-4668-BE54-9A1E7A4F7556}") = "Infrastructure", "Infrastructure\Infrastructure.csproj", "{68FB4508-F16B-462E-8503-057785A59AA0}"
EndProject
Project("{FAE04EC0-301F-11D3-BF4B-00C04F79EFBC}") = "Entities", "Entities\Entities.csproj", "{89EA85D1-E45E-47D6-B361-EE73EEF734B1}"
EndProject
Global
	GlobalSection(SolutionConfigurationPlatforms) = preSolution
		Debug|Any CPU = Debug|Any CPU
		Release|Any CPU = Release|Any CPU
	EndGlobalSection
	GlobalSection(ProjectConfigurationPlatforms) = postSolution
		{F276F6F8-FF73-43E1-B8B6-22C1B9571B78}.Debug|Any CPU.ActiveCfg = Debug|Any CPU
		{F276F6F8-FF73-43E1-B8B6-22C1B9571B78}.Debug|Any CPU.Build.0 = Debug|Any CPU
		{F276F6F8-FF73-43E1-B8B6-22C1B9571B78}.Release|Any CPU.ActiveCfg = Release|Any CPU
		{F276F6F8-FF73-43E1-B8B6-22C1B9571B78}.Release|Any CPU.Build.0 = Release|Any CPU
		{68FB4508-F16B-462E-8503-057785A59AA0}.Debug|Any CPU.ActiveCfg = Debug|Any CPU
		{68FB4508-F16B-462E-8503-057785A59AA0}.Debug|Any CPU.Build.0 = Debug|Any CPU
		{68FB4508-F16B-462E-8503-057785A59AA0}.Release|Any CPU.ActiveCfg = Release|Any CPU
		{68FB4508-F16B-462E-8503-057785A59AA0}.Release|Any CPU.Build.0 = Release|Any CPU
		{89EA85D1-E45E-47D6-B361-EE73EEF734B1}.Debug|Any CPU.ActiveCfg = Debug|Any CPU
		{89EA85D1-E45E-47D6-B361-EE73EEF734B1}.Debug|Any CPU.Build.0 = Debug|Any CPU
		{89EA85D1-E45E-47D6-B361-EE73EEF734B1}.Release|Any CPU.ActiveCfg = Release|Any CPU
		{89EA85D1-E45E-47D6-B361-EE73EEF734B1}.Release|Any CPU.Build.0 = Release|Any CPU
	EndGlobalSection
	GlobalSection(SolutionProperties) = preSolution
		HideSolutionNode = FALSE
	EndGlobalSection
	GlobalSection(ExtensibilityGlobals) = postSolution
		SolutionGuid = {5C69CAA9-C8E7-4BA1-98BE-FB68443C03B3}
	EndGlobalSection
EndGlobal
